
Microsoft Visual Studio Solution File, Format Version 12.00
# Visual Studio Version 17
VisualStudioVersion = 17.6.33815.320
MinimumVisualStudioVersion = 10.0.40219.1
Project("{FAE04EC0-301F-11D3-BF4B-00C04F79EFBC}") = "Creat Your CV_UI", "Creat Your CV_UI.csproj", "{A942DB54-5AA6-4173-8DC1-4D15FBD90D2F}"
EndProject
Global
	GlobalSection(SolutionConfigurationPlatforms) = preSolution
		Debug|Any CPU = Debug|Any CPU
		Release|Any CPU = Release|Any CPU
	EndGlobalSection
	GlobalSection(ProjectConfigurationPlatforms) = postSolution
		{A942DB54-5AA6-4173-8DC1-4D15FBD90D2F}.Debug|Any CPU.ActiveCfg = Debug|Any CPU
		{A942DB54-5AA6-4173-8DC1-4D15FBD90D2F}.Debug|Any CPU.Build.0 = Debug|Any CPU
		{A942DB54-5AA6-4173-8DC1-4D15FBD90D2F}.Release|Any CPU.ActiveCfg = Release|Any CPU
		{A942DB54-5AA6-4173-8DC1-4D15FBD90D2F}.Release|Any CPU.Build.0 = Release|Any CPU
	EndGlobalSection
	GlobalSection(SolutionProperties) = preSolution
		HideSolutionNode = FALSE
	EndGlobalSection
	GlobalSection(ExtensibilityGlobals) = postSolution
		SolutionGuid = {2CF0A949-D46C-4BB6-877B-0430F638E1ED}
	EndGlobalSection
EndGlobal
