
Microsoft Visual Studio Solution File, Format Version 12.00
# Visual Studio Version 17
VisualStudioVersion = 17.6.33815.320
MinimumVisualStudioVersion = 10.0.40219.1
Project("{FAE04EC0-301F-11D3-BF4B-00C04F79EFBC}") = "Tic Tac Toe UI Game", "Tic Tac Toe UI Game.csproj", "{A0ABBEFC-EAE9-4F20-A63D-E839469E443B}"
EndProject
Global
	GlobalSection(SolutionConfigurationPlatforms) = preSolution
		Debug|Any CPU = Debug|Any CPU
		Release|Any CPU = Release|Any CPU
	EndGlobalSection
	GlobalSection(ProjectConfigurationPlatforms) = postSolution
		{A0ABBEFC-EAE9-4F20-A63D-E839469E443B}.Debug|Any CPU.ActiveCfg = Debug|Any CPU
		{A0ABBEFC-EAE9-4F20-A63D-E839469E443B}.Debug|Any CPU.Build.0 = Debug|Any CPU
		{A0ABBEFC-EAE9-4F20-A63D-E839469E443B}.Release|Any CPU.ActiveCfg = Release|Any CPU
		{A0ABBEFC-EAE9-4F20-A63D-E839469E443B}.Release|Any CPU.Build.0 = Release|Any CPU
	EndGlobalSection
	GlobalSection(SolutionProperties) = preSolution
		HideSolutionNode = FALSE
	EndGlobalSection
	GlobalSection(ExtensibilityGlobals) = postSolution
		SolutionGuid = {53C56A50-4B6C-4551-8E52-7DEAA97A6E8A}
	EndGlobalSection
EndGlobal
